
Microsoft Visual Studio Solution File, Format Version 12.00
# Visual Studio Version 17
VisualStudioVersion = 17.5.33424.131
MinimumVisualStudioVersion = 10.0.40219.1
Project("{9A19103F-16F7-4668-BE54-9A1E7A4F7556}") = "Persistens", "Persistens\Persistens.csproj", "{29058F54-0A80-424C-A3AF-69252A856217}"
EndProject
Project("{FAE04EC0-301F-11D3-BF4B-00C04F79EFBC}") = "PersistensTest", "PersistensTest\PersistensTest.csproj", "{E830369B-81A9-45D2-9E83-80DE70C52F3E}"
EndProject
Global
	GlobalSection(SolutionConfigurationPlatforms) = preSolution
		Debug|Any CPU = Debug|Any CPU
		Release|Any CPU = Release|Any CPU
	EndGlobalSection
	GlobalSection(ProjectConfigurationPlatforms) = postSolution
		{29058F54-0A80-424C-A3AF-69252A856217}.Debug|Any CPU.ActiveCfg = Debug|Any CPU
		{29058F54-0A80-424C-A3AF-69252A856217}.Debug|Any CPU.Build.0 = Debug|Any CPU
		{29058F54-0A80-424C-A3AF-69252A856217}.Release|Any CPU.ActiveCfg = Release|Any CPU
		{29058F54-0A80-424C-A3AF-69252A856217}.Release|Any CPU.Build.0 = Release|Any CPU
		{E830369B-81A9-45D2-9E83-80DE70C52F3E}.Debug|Any CPU.ActiveCfg = Debug|Any CPU
		{E830369B-81A9-45D2-9E83-80DE70C52F3E}.Debug|Any CPU.Build.0 = Debug|Any CPU
		{E830369B-81A9-45D2-9E83-80DE70C52F3E}.Release|Any CPU.ActiveCfg = Release|Any CPU
		{E830369B-81A9-45D2-9E83-80DE70C52F3E}.Release|Any CPU.Build.0 = Release|Any CPU
	EndGlobalSection
	GlobalSection(SolutionProperties) = preSolution
		HideSolutionNode = FALSE
	EndGlobalSection
	GlobalSection(ExtensibilityGlobals) = postSolution
		SolutionGuid = {F0B10A02-C335-4514-9FEF-A695A3FE762B}
	EndGlobalSection
EndGlobal
